
Microsoft Visual Studio Solution File, Format Version 12.00
# Visual Studio Version 17
VisualStudioVersion = 17.14.36221.1
MinimumVisualStudioVersion = 10.0.40219.1
Project("{FAE04EC0-301F-11D3-BF4B-00C04F79EFBC}") = "Server", "Server\Server.csproj", "{3B99D0E1-DFBB-44C3-B022-CEC159466540}"
EndProject
Project("{FAE04EC0-301F-11D3-BF4B-00C04F79EFBC}") = "ServerCore", "ServerCore\ServerCore.csproj", "{E8D3AED7-6207-4437-847F-C856C167534E}"
EndProject
Project("{FAE04EC0-301F-11D3-BF4B-00C04F79EFBC}") = "PacketGenerator", "PacketGenerator\PacketGenerator.csproj", "{B5763286-B39C-4B34-BB7F-BF28EC0BC2D8}"
EndProject
Project("{2150E333-8FDC-42A3-9474-1A3956D46DE8}") = "Tools", "Tools", "{C8D5274F-AC00-46C7-1F8D-E88E81087A52}"
EndProject
Project("{FAE04EC0-301F-11D3-BF4B-00C04F79EFBC}") = "DummyClient", "DummyClient\DummyClient.csproj", "{DE6CA256-7592-4238-A144-1CDEC8EE7089}"
EndProject
Project("{FAE04EC0-301F-11D3-BF4B-00C04F79EFBC}") = "AccountServer", "AccountServer\AccountServer.csproj", "{AD929DBF-A5F8-49A4-BBB6-F263D5DB1D80}"
EndProject
Project("{FAE04EC0-301F-11D3-BF4B-00C04F79EFBC}") = "SharedDB", "SharedDB\SharedDB.csproj", "{504DDDB4-6A08-4A55-8A51-FFB19BE72B06}"
EndProject
Global
	GlobalSection(SolutionConfigurationPlatforms) = preSolution
		Debug|Any CPU = Debug|Any CPU
		Release|Any CPU = Release|Any CPU
	EndGlobalSection
	GlobalSection(ProjectConfigurationPlatforms) = postSolution
		{3B99D0E1-DFBB-44C3-B022-CEC159466540}.Debug|Any CPU.ActiveCfg = Debug|Any CPU
		{3B99D0E1-DFBB-44C3-B022-CEC159466540}.Debug|Any CPU.Build.0 = Debug|Any CPU
		{3B99D0E1-DFBB-44C3-B022-CEC159466540}.Release|Any CPU.ActiveCfg = Release|Any CPU
		{3B99D0E1-DFBB-44C3-B022-CEC159466540}.Release|Any CPU.Build.0 = Release|Any CPU
		{E8D3AED7-6207-4437-847F-C856C167534E}.Debug|Any CPU.ActiveCfg = Debug|Any CPU
		{E8D3AED7-6207-4437-847F-C856C167534E}.Debug|Any CPU.Build.0 = Debug|Any CPU
		{E8D3AED7-6207-4437-847F-C856C167534E}.Release|Any CPU.ActiveCfg = Release|Any CPU
		{E8D3AED7-6207-4437-847F-C856C167534E}.Release|Any CPU.Build.0 = Release|Any CPU
		{B5763286-B39C-4B34-BB7F-BF28EC0BC2D8}.Debug|Any CPU.ActiveCfg = Debug|Any CPU
		{B5763286-B39C-4B34-BB7F-BF28EC0BC2D8}.Debug|Any CPU.Build.0 = Debug|Any CPU
		{B5763286-B39C-4B34-BB7F-BF28EC0BC2D8}.Release|Any CPU.ActiveCfg = Release|Any CPU
		{B5763286-B39C-4B34-BB7F-BF28EC0BC2D8}.Release|Any CPU.Build.0 = Release|Any CPU
		{DE6CA256-7592-4238-A144-1CDEC8EE7089}.Debug|Any CPU.ActiveCfg = Debug|Any CPU
		{DE6CA256-7592-4238-A144-1CDEC8EE7089}.Debug|Any CPU.Build.0 = Debug|Any CPU
		{DE6CA256-7592-4238-A144-1CDEC8EE7089}.Release|Any CPU.ActiveCfg = Release|Any CPU
		{DE6CA256-7592-4238-A144-1CDEC8EE7089}.Release|Any CPU.Build.0 = Release|Any CPU
		{AD929DBF-A5F8-49A4-BBB6-F263D5DB1D80}.Debug|Any CPU.ActiveCfg = Debug|Any CPU
		{AD929DBF-A5F8-49A4-BBB6-F263D5DB1D80}.Debug|Any CPU.Build.0 = Debug|Any CPU
		{AD929DBF-A5F8-49A4-BBB6-F263D5DB1D80}.Release|Any CPU.ActiveCfg = Release|Any CPU
		{AD929DBF-A5F8-49A4-BBB6-F263D5DB1D80}.Release|Any CPU.Build.0 = Release|Any CPU
		{504DDDB4-6A08-4A55-8A51-FFB19BE72B06}.Debug|Any CPU.ActiveCfg = Debug|Any CPU
		{504DDDB4-6A08-4A55-8A51-FFB19BE72B06}.Debug|Any CPU.Build.0 = Debug|Any CPU
		{504DDDB4-6A08-4A55-8A51-FFB19BE72B06}.Release|Any CPU.ActiveCfg = Release|Any CPU
		{504DDDB4-6A08-4A55-8A51-FFB19BE72B06}.Release|Any CPU.Build.0 = Release|Any CPU
	EndGlobalSection
	GlobalSection(SolutionProperties) = preSolution
		HideSolutionNode = FALSE
	EndGlobalSection
	GlobalSection(NestedProjects) = preSolution
		{B5763286-B39C-4B34-BB7F-BF28EC0BC2D8} = {C8D5274F-AC00-46C7-1F8D-E88E81087A52}
	EndGlobalSection
	GlobalSection(ExtensibilityGlobals) = postSolution
		SolutionGuid = {CCB6CF84-BDD7-4F4A-A4AB-E685D16C09BF}
	EndGlobalSection
EndGlobal
